Microsoft Visual Studio Solution File, Format Version 11.00
# Visual Studio 2008

Project("{6800EE74-76B7-2715-F6E6-79C605730CA7}") = "MinFish002", "Assembly-CSharp-vs.csproj", "{55020AF2-F559-1B7A-B1E2-338DF6FB4435}"
EndProject
Global
	GlobalSection(SolutionConfigurationPlatforms) = preSolution
		Debug|Any CPU = Debug|Any CPU
		Release|Any CPU = Release|Any CPU
	EndGlobalSection
	GlobalSection(ProjectConfigurationPlatforms) = postSolution
		{55020AF2-F559-1B7A-B1E2-338DF6FB4435}.Debug|Any CPU.ActiveCfg = Debug|Any CPU
		{55020AF2-F559-1B7A-B1E2-338DF6FB4435}.Debug|Any CPU.Build.0 = Debug|Any CPU
		{55020AF2-F559-1B7A-B1E2-338DF6FB4435}.Release|Any CPU.ActiveCfg = Release|Any CPU
		{55020AF2-F559-1B7A-B1E2-338DF6FB4435}.Release|Any CPU.Build.0 = Release|Any CPU
	EndGlobalSection
	GlobalSection(SolutionProperties) = preSolution
		HideSolutionNode = FALSE
	EndGlobalSection
				GlobalSection(MonoDevelopProperties) = preSolution
		StartupItem = Assembly-CSharp.csproj
		Policies = $0
		$0.TextStylePolicy = $1
		$1.inheritsSet = null
		$1.scope = text/x-csharp
		$0.CSharpFormattingPolicy = $2
		$2.inheritsSet = Mono
		$2.inheritsScope = text/x-csharp
		$2.scope = text/x-csharp
		$0.TextStylePolicy = $3
		$3.FileWidth = 120
		$3.TabWidth = 4
		$3.EolMarker = Unix
		$3.inheritsSet = Mono
		$3.inheritsScope = text/plain
		$3.scope = text/plain
	EndGlobalSection

EndGlobal
